// !$*UTF8*$!
{
	archiveVersion = 1;
	classes = {
	};
	objectVersion = 46;
	objects = {

/* Begin PBXBuildFile section */
		EA0D09131D10B4750037107C /* CollectionOfImagesViewController.swift in Sources */ = {isa = PBXBuildFile; fileRef = EA0D09121D10B4750037107C /* CollectionOfImagesViewController.swift */; };
		EA0D84081CFD9EAE00B72EAB /* AppDelegate.swift in Sources */ = {isa = PBXBuildFile; fileRef = EA0D84071CFD9EAE00B72EAB /* AppDelegate.swift */; };
		EA0D840D1CFD9EAE00B72EAB /* Main.storyboard in Resources */ = {isa = PBXBuildFile; fileRef = EA0D840B1CFD9EAE00B72EAB /* Main.storyboard */; };
		EA0D840F1CFD9EAE00B72EAB /* Assets.xcassets in Resources */ = {isa = PBXBuildFile; fileRef = EA0D840E1CFD9EAE00B72EAB /* Assets.xcassets */; };
		EA0D84121CFD9EAE00B72EAB /* LaunchScreen.storyboard in Resources */ = {isa = PBXBuildFile; fileRef = EA0D84101CFD9EAE00B72EAB /* LaunchScreen.storyboard */; };
		EA0D841B1CFD9F0A00B72EAB /* TweetTableViewController.swift in Sources */ = {isa = PBXBuildFile; fileRef = EA0D841A1CFD9F0A00B72EAB /* TweetTableViewController.swift */; };
		EA0D84281CFDB80A00B72EAB /* TweetTableViewCell.swift in Sources */ = {isa = PBXBuildFile; fileRef = EA0D84271CFDB80A00B72EAB /* TweetTableViewCell.swift */; };
		EA0D842B1CFDD29600B72EAB /* Model.xcdatamodeld in Sources */ = {isa = PBXBuildFile; fileRef = EA0D84291CFDD29600B72EAB /* Model.xcdatamodeld */; };
		EA2F055A1D0A0096001CCBB5 /* ImageViewController.swift in Sources */ = {isa = PBXBuildFile; fileRef = EA2F05591D0A0096001CCBB5 /* ImageViewController.swift */; };
		EA4D0A041D08914900BBB979 /* RecentsTableViewController.swift in Sources */ = {isa = PBXBuildFile; fileRef = EA4D0A031D08914900BBB979 /* RecentsTableViewController.swift */; };
		EA7C1BD31D095CB900EA5524 /* TweetMentionsTableViewController.swift in Sources */ = {isa = PBXBuildFile; fileRef = EA7C1BD21D095CB900EA5524 /* TweetMentionsTableViewController.swift */; };
		EA8A713A1D09933200773A57 /* TweetMediaTableViewCell.swift in Sources */ = {isa = PBXBuildFile; fileRef = EA8A71391D09933200773A57 /* TweetMediaTableViewCell.swift */; };
		EAA9841A1D136ED200A1FC83 /* MediaItem.swift in Sources */ = {isa = PBXBuildFile; fileRef = EAA984161D136ED200A1FC83 /* MediaItem.swift */; };
		EAA9841B1D136ED200A1FC83 /* Request.swift in Sources */ = {isa = PBXBuildFile; fileRef = EAA984171D136ED200A1FC83 /* Request.swift */; };
		EAA9841C1D136ED200A1FC83 /* Tweet.swift in Sources */ = {isa = PBXBuildFile; fileRef = EAA984181D136ED200A1FC83 /* Tweet.swift */; };
		EAA9841D1D136ED200A1FC83 /* User.swift in Sources */ = {isa = PBXBuildFile; fileRef = EAA984191D136ED200A1FC83 /* User.swift */; };
		EAAEA49E1D12A35E0073E3BF /* ImageCollectionViewCell.swift in Sources */ = {isa = PBXBuildFile; fileRef = EAAEA49D1D12A35E0073E3BF /* ImageCollectionViewCell.swift */; };
/* End PBXBuildFile section */

/* Begin PBXCopyFilesBuildPhase section */
		EA0D84261CFDA33D00B72EAB /* Embed Frameworks */ = {
			isa = PBXCopyFilesBuildPhase;
			buildActionMask = 2147483647;
			dstPath = "";
			dstSubfolderSpec = 10;
			files = (
			);
			name = "Embed Frameworks";
			runOnlyForDeploymentPostprocessing = 0;
		};
/* End PBXCopyFilesBuildPhase section */

/* Begin PBXFileReference section */
		EA0D09121D10B4750037107C /* CollectionOfImagesViewController.swift */ = {isa = PBXFileReference; fileEncoding = 4; lastKnownFileType = sourcecode.swift; path = CollectionOfImagesViewController.swift; sourceTree = "<group>"; };
		EA0D84041CFD9EAE00B72EAB /* Smashtag.app */ = {isa = PBXFileReference; explicitFileType = wrapper.application; includeInIndex = 0; path = Smashtag.app; sourceTree = BUILT_PRODUCTS_DIR; };
		EA0D84071CFD9EAE00B72EAB /* AppDelegate.swift */ = {isa = PBXFileReference; lastKnownFileType = sourcecode.swift; path = AppDelegate.swift; sourceTree = "<group>"; };
		EA0D840C1CFD9EAE00B72EAB /* Base */ = {isa = PBXFileReference; lastKnownFileType = file.storyboard; name = Base; path = Base.lproj/Main.storyboard; sourceTree = "<group>"; };
		EA0D840E1CFD9EAE00B72EAB /* Assets.xcassets */ = {isa = PBXFileReference; lastKnownFileType = folder.assetcatalog; path = Assets.xcassets; sourceTree = "<group>"; };
		EA0D84111CFD9EAE00B72EAB /* Base */ = {isa = PBXFileReference; lastKnownFileType = file.storyboard; name = Base; path = Base.lproj/LaunchScreen.storyboard; sourceTree = "<group>"; };
		EA0D84131CFD9EAE00B72EAB /* Info.plist */ = {isa = PBXFileReference; lastKnownFileType = text.plist.xml; path = Info.plist; sourceTree = "<group>"; };
		EA0D841A1CFD9F0A00B72EAB /* TweetTableViewController.swift */ = {isa = PBXFileReference; fileEncoding = 4; lastKnownFileType = sourcecode.swift; path = TweetTableViewController.swift; sourceTree = "<group>"; };
		EA0D84271CFDB80A00B72EAB /* TweetTableViewCell.swift */ = {isa = PBXFileReference; fileEncoding = 4; lastKnownFileType = sourcecode.swift; path = TweetTableViewCell.swift; sourceTree = "<group>"; };
		EA0D842A1CFDD29600B72EAB /* Model.xcdatamodel */ = {isa = PBXFileReference; lastKnownFileType = wrapper.xcdatamodel; path = Model.xcdatamodel; sourceTree = "<group>"; };
		EA2F05591D0A0096001CCBB5 /* ImageViewController.swift */ = {isa = PBXFileReference; fileEncoding = 4; lastKnownFileType = sourcecode.swift; path = ImageViewController.swift; sourceTree = "<group>"; };
		EA4D0A031D08914900BBB979 /* RecentsTableViewController.swift */ = {isa = PBXFileReference; fileEncoding = 4; lastKnownFileType = sourcecode.swift; path = RecentsTableViewController.swift; sourceTree = "<group>"; };
		EA7C1BD21D095CB900EA5524 /* TweetMentionsTableViewController.swift */ = {isa = PBXFileReference; fileEncoding = 4; lastKnownFileType = sourcecode.swift; path = TweetMentionsTableViewController.swift; sourceTree = "<group>"; };
		EA8A71391D09933200773A57 /* TweetMediaTableViewCell.swift */ = {isa = PBXFileReference; fileEncoding = 4; lastKnownFileType = sourcecode.swift; name = TweetMediaTableViewCell.swift; path = ../../TweetMediaTableViewCell.swift; sourceTree = "<group>"; };
		EAA984161D136ED200A1FC83 /* MediaItem.swift */ = {isa = PBXFileReference; fileEncoding = 4; lastKnownFileType = sourcecode.swift; path = MediaItem.swift; sourceTree = "<group>"; };
		EAA984171D136ED200A1FC83 /* Request.swift */ = {isa = PBXFileReference; fileEncoding = 4; lastKnownFileType = sourcecode.swift; path = Request.swift; sourceTree = "<group>"; };
		EAA984181D136ED200A1FC83 /* Tweet.swift */ = {isa = PBXFileReference; fileEncoding = 4; lastKnownFileType = sourcecode.swift; path = Tweet.swift; sourceTree = "<group>"; };
		EAA984191D136ED200A1FC83 /* User.swift */ = {isa = PBXFileReference; fileEncoding = 4; lastKnownFileType = sourcecode.swift; path = User.swift; sourceTree = "<group>"; };
		EAAEA49D1D12A35E0073E3BF /* ImageCollectionViewCell.swift */ = {isa = PBXFileReference; fileEncoding = 4; lastKnownFileType = sourcecode.swift; path = ImageCollectionViewCell.swift; sourceTree = "<group>"; };
/* End PBXFileReference section */

/* Begin PBXFrameworksBuildPhase section */
		EA0D84011CFD9EAE00B72EAB /* Frameworks */ = {
			isa = PBXFrameworksBuildPhase;
			buildActionMask = 2147483647;
			files = (
			);
			runOnlyForDeploymentPostprocessing = 0;
		};
/* End PBXFrameworksBuildPhase section */

/* Begin PBXGroup section */
		EA0D83FB1CFD9EAE00B72EAB = {
			isa = PBXGroup;
			children = (
				EA0D84061CFD9EAE00B72EAB /* Smashtag */,
				EA0D84051CFD9EAE00B72EAB /* Products */,
			);
			sourceTree = "<group>";
		};
		EA0D84051CFD9EAE00B72EAB /* Products */ = {
			isa = PBXGroup;
			children = (
				EA0D84041CFD9EAE00B72EAB /* Smashtag.app */,
			);
			name = Products;
			sourceTree = "<group>";
		};
		EA0D84061CFD9EAE00B72EAB /* Smashtag */ = {
			isa = PBXGroup;
			children = (
				EA0D84191CFD9EC000B72EAB /* Supporting Files */,
				EAA9841E1D136F7A00A1FC83 /* Twitter */,
				EA0D840B1CFD9EAE00B72EAB /* Main.storyboard */,
				EA0D841A1CFD9F0A00B72EAB /* TweetTableViewController.swift */,
				EA4D0A031D08914900BBB979 /* RecentsTableViewController.swift */,
				EA7C1BD21D095CB900EA5524 /* TweetMentionsTableViewController.swift */,
				EA0D09121D10B4750037107C /* CollectionOfImagesViewController.swift */,
				EAAEA49D1D12A35E0073E3BF /* ImageCollectionViewCell.swift */,
				EA2F05591D0A0096001CCBB5 /* ImageViewController.swift */,
				EA0D84271CFDB80A00B72EAB /* TweetTableViewCell.swift */,
				EA8A71391D09933200773A57 /* TweetMediaTableViewCell.swift */,
				EA0D84291CFDD29600B72EAB /* Model.xcdatamodeld */,
			);
			path = Smashtag;
			sourceTree = "<group>";
		};
		EA0D84191CFD9EC000B72EAB /* Supporting Files */ = {
			isa = PBXGroup;
			children = (
				EA0D84071CFD9EAE00B72EAB /* AppDelegate.swift */,
				EA0D840E1CFD9EAE00B72EAB /* Assets.xcassets */,
				EA0D84101CFD9EAE00B72EAB /* LaunchScreen.storyboard */,
				EA0D84131CFD9EAE00B72EAB /* Info.plist */,
			);
			name = "Supporting Files";
			sourceTree = "<group>";
		};
		EAA9841E1D136F7A00A1FC83 /* Twitter */ = {
			isa = PBXGroup;
			children = (
				EAA984161D136ED200A1FC83 /* MediaItem.swift */,
				EAA984171D136ED200A1FC83 /* Request.swift */,
				EAA984181D136ED200A1FC83 /* Tweet.swift */,
				EAA984191D136ED200A1FC83 /* User.swift */,
			);
			name = Twitter;
			sourceTree = "<group>";
		};
/* End PBXGroup section */

/* Begin PBXNativeTarget section */
		EA0D84031CFD9EAE00B72EAB /* Smashtag */ = {
			isa = PBXNativeTarget;
			buildConfigurationList = EA0D84161CFD9EAE00B72EAB /* Build configuration list for PBXNativeTarget "Smashtag" */;
			buildPhases = (
				EA0D84001CFD9EAE00B72EAB /* Sources */,
				EA0D84011CFD9EAE00B72EAB /* Frameworks */,
				EA0D84021CFD9EAE00B72EAB /* Resources */,
				EA0D84261CFDA33D00B72EAB /* Embed Frameworks */,
			);
			buildRules = (
			);
			dependencies = (
			);
			name = Smashtag;
			productName = Smashtag;
			productReference = EA0D84041CFD9EAE00B72EAB /* Smashtag.app */;
			productType = "com.apple.product-type.application";
		};
/* End PBXNativeTarget section */

/* Begin PBXProject section */
		EA0D83FC1CFD9EAE00B72EAB /* Project object */ = {
			isa = PBXProject;
			attributes = {
				LastSwiftUpdateCheck = 0730;
				LastUpgradeCheck = 0730;
				ORGANIZATIONNAME = "Michel Deiman";
				TargetAttributes = {
					EA0D84031CFD9EAE00B72EAB = {
						CreatedOnToolsVersion = 7.3.1;
						DevelopmentTeam = 663TR68DHM;
					};
				};
			};
			buildConfigurationList = EA0D83FF1CFD9EAE00B72EAB /* Build configuration list for PBXProject "Smashtag" */;
			compatibilityVersion = "Xcode 3.2";
			developmentRegion = English;
			hasScannedForEncodings = 0;
			knownRegions = (
				en,
				Base,
			);
			mainGroup = EA0D83FB1CFD9EAE00B72EAB;
			productRefGroup = EA0D84051CFD9EAE00B72EAB /* Products */;
			projectDirPath = "";
			projectRoot = "";
			targets = (
				EA0D84031CFD9EAE00B72EAB /* Smashtag */,
			);
		};
/* End PBXProject section */

/* Begin PBXResourcesBuildPhase section */
		EA0D84021CFD9EAE00B72EAB /* Resources */ = {
			isa = PBXResourcesBuildPhase;
			buildActionMask = 2147483647;
			files = (
				EA0D84121CFD9EAE00B72EAB /* LaunchScreen.storyboard in Resources */,
				EA0D840F1CFD9EAE00B72EAB /* Assets.xcassets in Resources */,
				EA0D840D1CFD9EAE00B72EAB /* Main.storyboard in Resources */,
			);
			runOnlyForDeploymentPostprocessing = 0;
		};
/* End PBXResourcesBuildPhase section */

/* Begin PBXSourcesBuildPhase section */
		EA0D84001CFD9EAE00B72EAB /* Sources */ = {
			isa = PBXSourcesBuildPhase;
			buildActionMask = 2147483647;
			files = (
				EA4D0A041D08914900BBB979 /* RecentsTableViewController.swift in Sources */,
				EAA9841B1D136ED200A1FC83 /* Request.swift in Sources */,
				EA0D84081CFD9EAE00B72EAB /* AppDelegate.swift in Sources */,
				EA0D841B1CFD9F0A00B72EAB /* TweetTableViewController.swift in Sources */,
				EA0D84281CFDB80A00B72EAB /* TweetTableViewCell.swift in Sources */,
				EAA9841C1D136ED200A1FC83 /* Tweet.swift in Sources */,
				EAA9841D1D136ED200A1FC83 /* User.swift in Sources */,
				EA8A713A1D09933200773A57 /* TweetMediaTableViewCell.swift in Sources */,
				EA7C1BD31D095CB900EA5524 /* TweetMentionsTableViewController.swift in Sources */,
				EAAEA49E1D12A35E0073E3BF /* ImageCollectionViewCell.swift in Sources */,
				EA2F055A1D0A0096001CCBB5 /* ImageViewController.swift in Sources */,
				EA0D842B1CFDD29600B72EAB /* Model.xcdatamodeld in Sources */,
				EA0D09131D10B4750037107C /* CollectionOfImagesViewController.swift in Sources */,
				EAA9841A1D136ED200A1FC83 /* MediaItem.swift in Sources */,
			);
			runOnlyForDeploymentPostprocessing = 0;
		};
/* End PBXSourcesBuildPhase section */

/* Begin PBXVariantGroup section */
		EA0D840B1CFD9EAE00B72EAB /* Main.storyboard */ = {
			isa = PBXVariantGroup;
			children = (
				EA0D840C1CFD9EAE00B72EAB /* Base */,
			);
			name = Main.storyboard;
			sourceTree = "<group>";
		};
		EA0D84101CFD9EAE00B72EAB /* LaunchScreen.storyboard */ = {
			isa = PBXVariantGroup;
			children = (
				EA0D84111CFD9EAE00B72EAB /* Base */,
			);
			name = LaunchScreen.storyboard;
			sourceTree = "<group>";
		};
/* End PBXVariantGroup section */

/* Begin XCBuildConfiguration section */
		EA0D84141CFD9EAE00B72EAB /* Debug */ = {
			isa = XCBuildConfiguration;
			buildSettings = {
				ALWAYS_SEARCH_USER_PATHS = NO;
				CLANG_ANALYZER_NONNULL = YES;
				CLANG_CXX_LANGUAGE_STANDARD = "gnu++0x";
				CLANG_CXX_LIBRARY = "libc++";
				CLANG_ENABLE_MODULES = YES;
				CLANG_ENABLE_OBJC_ARC = YES;
				CLANG_WARN_BOOL_CONVERSION = YES;
				CLANG_WARN_CONSTANT_CONVERSION = YES;
				CLANG_WARN_DIRECT_OBJC_ISA_USAGE = YES_ERROR;
				CLANG_WARN_EMPTY_BODY = YES;
				CLANG_WARN_ENUM_CONVERSION = YES;
				CLANG_WARN_INT_CONVERSION = YES;
				CLANG_WARN_OBJC_ROOT_CLASS = YES_ERROR;
				CLANG_WARN_UNREACHABLE_CODE = YES;
				CLANG_WARN__DUPLICATE_METHOD_MATCH = YES;
				"CODE_SIGN_IDENTITY[sdk=iphoneos*]" = "iPhone Developer";
				COPY_PHASE_STRIP = NO;
				DEBUG_INFORMATION_FORMAT = dwarf;
				ENABLE_STRICT_OBJC_MSGSEND = YES;
				ENABLE_TESTABILITY = YES;
				GCC_C_LANGUAGE_STANDARD = gnu99;
				GCC_DYNAMIC_NO_PIC = NO;
				GCC_NO_COMMON_BLOCKS = YES;
				GCC_OPTIMIZATION_LEVEL = 0;
				GCC_PREPROCESSOR_DEFINITIONS = (
					"DEBUG=1",
					"$(inherited)",
				);
				GCC_WARN_64_TO_32_BIT_CONVERSION = YES;
				GCC_WARN_ABOUT_RETURN_TYPE = YES_ERROR;
				GCC_WARN_UNDECLARED_SELECTOR = YES;
				GCC_WARN_UNINITIALIZED_AUTOS = YES_AGGRESSIVE;
				GCC_WARN_UNUSED_FUNCTION = YES;
				GCC_WARN_UNUSED_VARIABLE = YES;
				IPHONEOS_DEPLOYMENT_TARGET = 9.3;
				MTL_ENABLE_DEBUG_INFO = YES;
				ONLY_ACTIVE_ARCH = YES;
				SDKROOT = iphoneos;
				SWIFT_OPTIMIZATION_LEVEL = "-Onone";
				TARGETED_DEVICE_FAMILY = "1,2";
			};
			name = Debug;
		};
		EA0D84151CFD9EAE00B72EAB /* Release */ = {
			isa = XCBuildConfiguration;
			buildSettings = {
				ALWAYS_SEARCH_USER_PATHS = NO;
				CLANG_ANALYZER_NONNULL = YES;
				CLANG_CXX_LANGUAGE_STANDARD = "gnu++0x";
				CLANG_CXX_LIBRARY = "libc++";
				CLANG_ENABLE_MODULES = YES;
				CLANG_ENABLE_OBJC_ARC = YES;
				CLANG_WARN_BOOL_CONVERSION = YES;
				CLANG_WARN_CONSTANT_CONVERSION = YES;
				CLANG_WARN_DIRECT_OBJC_ISA_USAGE = YES_ERROR;
				CLANG_WARN_EMPTY_BODY = YES;
				CLANG_WARN_ENUM_CONVERSION = YES;
				CLANG_WARN_INT_CONVERSION = YES;
				CLANG_WARN_OBJC_ROOT_CLASS = YES_ERROR;
				CLANG_WARN_UNREACHABLE_CODE = YES;
				CLANG_WARN__DUPLICATE_METHOD_MATCH = YES;
				"CODE_SIGN_IDENTITY[sdk=iphoneos*]" = "iPhone Developer";
				COPY_PHASE_STRIP = NO;
				DEBUG_INFORMATION_FORMAT = "dwarf-with-dsym";
				ENABLE_NS_ASSERTIONS = NO;
				ENABLE_STRICT_OBJC_MSGSEND = YES;
				GCC_C_LANGUAGE_STANDARD = gnu99;
				GCC_NO_COMMON_BLOCKS = YES;
				GCC_WARN_64_TO_32_BIT_CONVERSION = YES;
				GCC_WARN_ABOUT_RETURN_TYPE = YES_ERROR;
				GCC_WARN_UNDECLARED_SELECTOR = YES;
				GCC_WARN_UNINITIALIZED_AUTOS = YES_AGGRESSIVE;
				GCC_WARN_UNUSED_FUNCTION = YES;
				GCC_WARN_UNUSED_VARIABLE = YES;
				IPHONEOS_DEPLOYMENT_TARGET = 9.3;
				MTL_ENABLE_DEBUG_INFO = NO;
				SDKROOT = iphoneos;
				TARGETED_DEVICE_FAMILY = "1,2";
				VALIDATE_PRODUCT = YES;
			};
			name = Release;
		};
		EA0D84171CFD9EAE00B72EAB /* Debug */ = {
			isa = XCBuildConfiguration;
			buildSettings = {
				ASSETCATALOG_COMPILER_APPICON_NAME = AppIcon;
				CODE_SIGN_IDENTITY = "iPhone Developer";
				"CODE_SIGN_IDENTITY[sdk=iphoneos*]" = "iPhone Developer";
				INFOPLIST_FILE = Smashtag/Info.plist;
				LD_RUNPATH_SEARCH_PATHS = "$(inherited) @executable_path/Frameworks";
				PRODUCT_BUNDLE_IDENTIFIER = DeimanTechnology.Smashtag;
				PRODUCT_NAME = "$(TARGET_NAME)";
				PROVISIONING_PROFILE = "";
				TARGETED_DEVICE_FAMILY = 1;
			};
			name = Debug;
		};
		EA0D84181CFD9EAE00B72EAB /* Release */ = {
			isa = XCBuildConfiguration;
			buildSettings = {
				ASSETCATALOG_COMPILER_APPICON_NAME = AppIcon;
				CODE_SIGN_IDENTITY = "iPhone Developer";
				"CODE_SIGN_IDENTITY[sdk=iphoneos*]" = "iPhone Developer";
				INFOPLIST_FILE = Smashtag/Info.plist;
				LD_RUNPATH_SEARCH_PATHS = "$(inherited) @executable_path/Frameworks";
				PRODUCT_BUNDLE_IDENTIFIER = DeimanTechnology.Smashtag;
				PRODUCT_NAME = "$(TARGET_NAME)";
				PROVISIONING_PROFILE = "";
				TARGETED_DEVICE_FAMILY = 1;
			};
			name = Release;
		};
/* End XCBuildConfiguration section */

/* Begin XCConfigurationList section */
		EA0D83FF1CFD9EAE00B72EAB /* Build configuration list for PBXProject "Smashtag" */ = {
			isa = XCConfigurationList;
			buildConfigurations = (
				EA0D84141CFD9EAE00B72EAB /* Debug */,
				EA0D84151CFD9EAE00B72EAB /* Release */,
			);
			defaultConfigurationIsVisible = 0;
			defaultConfigurationName = Release;
		};
		EA0D84161CFD9EAE00B72EAB /* Build configuration list for PBXNativeTarget "Smashtag" */ = {
			isa = XCConfigurationList;
			buildConfigurations = (
				EA0D84171CFD9EAE00B72EAB /* Debug */,
				EA0D84181CFD9EAE00B72EAB /* Release */,
			);
			defaultConfigurationIsVisible = 0;
			defaultConfigurationName = Release;
		};
/* End XCConfigurationList section */

/* Begin XCVersionGroup section */
		EA0D84291CFDD29600B72EAB /* Model.xcdatamodeld */ = {
			isa = XCVersionGroup;
			children = (
				EA0D842A1CFDD29600B72EAB /* Model.xcdatamodel */,
			);
			currentVersion = EA0D842A1CFDD29600B72EAB /* Model.xcdatamodel */;
			path = Model.xcdatamodeld;
			sourceTree = "<group>";
			versionGroupType = wrapper.xcdatamodel;
		};
/* End XCVersionGroup section */
	};
	rootObject = EA0D83FC1CFD9EAE00B72EAB /* Project object */;
}
